
Microsoft Visual Studio Solution File, Format Version 12.00
# Visual Studio Version 17
VisualStudioVersion = 17.2.32630.192
MinimumVisualStudioVersion = 10.0.40219.1
Project("{FAE04EC0-301F-11D3-BF4B-00C04F79EFBC}") = "SalesWebMvc", "SalesWebMvc\SalesWebMvc.csproj", "{5D8C5C7A-4CFC-4129-95C0-93A48FF85855}"
EndProject
Global
	GlobalSection(SolutionConfigurationPlatforms) = preSolution
		Debug|Any CPU = Debug|Any CPU
		Release|Any CPU = Release|Any CPU
	EndGlobalSection
	GlobalSection(ProjectConfigurationPlatforms) = postSolution
		{5D8C5C7A-4CFC-4129-95C0-93A48FF85855}.Debug|Any CPU.ActiveCfg = Debug|Any CPU
		{5D8C5C7A-4CFC-4129-95C0-93A48FF85855}.Debug|Any CPU.Build.0 = Debug|Any CPU
		{5D8C5C7A-4CFC-4129-95C0-93A48FF85855}.Release|Any CPU.ActiveCfg = Release|Any CPU
		{5D8C5C7A-4CFC-4129-95C0-93A48FF85855}.Release|Any CPU.Build.0 = Release|Any CPU
	EndGlobalSection
	GlobalSection(SolutionProperties) = preSolution
		HideSolutionNode = FALSE
	EndGlobalSection
	GlobalSection(ExtensibilityGlobals) = postSolution
		SolutionGuid = {91E5A478-4649-4D66-8BB7-449E98E918F0}
	EndGlobalSection
EndGlobal
